<?xml version="1.0" encoding="utf-8"?>
<Project ToolsVersion="4.0" xmlns="http://schemas.microsoft.com/developer/msbuild/2003">
  <ItemGroup>
    <Filter Include="Source Files">
      <UniqueIdentifier>{4FC737F1-C7A5-4376-A066-2A32D752A2FF}</UniqueIdentifier>
      <Extensions>cpp;c;cc;cxx;c++;cppm;ixx;def;odl;idl;hpj;bat;asm;asmx</Extensions>
    </Filter>
    <Filter Include="Header Files">
      <UniqueIdentifier>{93995380-89BD-4b04-88EB-625FBE52EBFB}</UniqueIdentifier>
      <Extensions>h;hh;hpp;hxx;h++;hm;inl;inc;ipp;xsd</Extensions>
    </Filter>
    <Filter Include="Resource Files">
      <UniqueIdentifier>{67DA6AB6-F800-4c08-8B7A-83BB121AAD01}</UniqueIdentifier>
      <Extensions>rc;ico;cur;bmp;dlg;rc2;rct;bin;rgs;gif;jpg;jpeg;jpe;resx;tiff;tif;png;wav;mfcribbon-ms</Extensions>
    </Filter>
  </ItemGroup>
  <ItemGroup>
    <ClCompile Include="src\bitplane.c">
      <Filter>Source Files</Filter>
    </ClCompile>
    <ClCompile Include="src\font.c">
      <Filter>Source Files</Filter>
    </ClCompile>
    <ClCompile Include="src\palette.c">
      <Filter>Source Files</Filter>
    </ClCompile>
    <ClCompile Include="src\png.c">
      <Filter>Source Files</Filter>
    </ClCompile>
    <ClCompile Include="src\presenter.c">
      <Filter>Source Files</Filter>
    </ClCompile>
    <ClCompile Include="src\render.c">
      <Filter>Source Files</Filter>
    </ClCompile>
    <ClCompile Include="src\streamread.c">
      <Filter>Source Files</Filter>
    </ClCompile>
    <ClCompile Include="src\streamwrite.c">
      <Filter>Source Files</Filter>
    </ClCompile>
    <ClCompile Include="src\surface.c">
      <Filter>Source Files</Filter>
    </ClCompile>
    <ClCompile Include="src\utils.c">
      <Filter>Source Files</Filter>
    </ClCompile>
  </ItemGroup>
  <ItemGroup>
    <ClInclude Include="src\bitplane.h">
      <Filter>Header Files</Filter>
    </ClInclude>
    <ClInclude Include="src\font.h">
      <Filter>Header Files</Filter>
    </ClInclude>
    <ClInclude Include="src\palette.h">
      <Filter>Header Files</Filter>
    </ClInclude>
    <ClInclude Include="src\png.h">
      <Filter>Header Files</Filter>
    </ClInclude>
    <ClInclude Include="src\presenter.h">
      <Filter>Header Files</Filter>
    </ClInclude>
    <ClInclude Include="src\render.h">
      <Filter>Header Files</Filter>
    </ClInclude>
    <ClInclude Include="src\renderlib.h">
      <Filter>Header Files</Filter>
    </ClInclude>
    <ClInclude Include="src\streamread.h">
      <Filter>Header Files</Filter>
    </ClInclude>
    <ClInclude Include="src\streamwrite.h">
      <Filter>Header Files</Filter>
    </ClInclude>
    <ClInclude Include="src\surface.h">
      <Filter>Header Files</Filter>
    </ClInclude>
    <ClInclude Include="src\utils.h">
      <Filter>Header Files</Filter>
    </ClInclude>
  </ItemGroup>
  <ItemGroup>
    <None Include="packages.config" />
  </ItemGroup>
</Project>